
Microsoft Visual Studio Solution File, Format Version 12.00
# Visual Studio Version 17
VisualStudioVersion = 17.1.32210.238
MinimumVisualStudioVersion = 10.0.40219.1
Project("{FAE04EC0-301F-11D3-BF4B-00C04F79EFBC}") = "harjoitus_4", "harjoitus_4\harjoitus_4.csproj", "{1674E822-F525-48AB-A461-6FEFAE7F5C35}"
EndProject
Global
	GlobalSection(SolutionConfigurationPlatforms) = preSolution
		Debug|Any CPU = Debug|Any CPU
		Release|Any CPU = Release|Any CPU
	EndGlobalSection
	GlobalSection(ProjectConfigurationPlatforms) = postSolution
		{1674E822-F525-48AB-A461-6FEFAE7F5C35}.Debug|Any CPU.ActiveCfg = Debug|Any CPU
		{1674E822-F525-48AB-A461-6FEFAE7F5C35}.Debug|Any CPU.Build.0 = Debug|Any CPU
		{1674E822-F525-48AB-A461-6FEFAE7F5C35}.Release|Any CPU.ActiveCfg = Release|Any CPU
		{1674E822-F525-48AB-A461-6FEFAE7F5C35}.Release|Any CPU.Build.0 = Release|Any CPU
	EndGlobalSection
	GlobalSection(SolutionProperties) = preSolution
		HideSolutionNode = FALSE
	EndGlobalSection
	GlobalSection(ExtensibilityGlobals) = postSolution
		SolutionGuid = {06E725CD-5C1B-42B8-9F84-1B5E1A73B40F}
	EndGlobalSection
EndGlobal
