
Microsoft Visual Studio Solution File, Format Version 12.00
# Visual Studio Version 17
VisualStudioVersion = 17.1.32210.238
MinimumVisualStudioVersion = 10.0.40219.1
Project("{FAE04EC0-301F-11D3-BF4B-00C04F79EFBC}") = "Harjoitus_6", "Harjoitus_6\Harjoitus_6.csproj", "{ECF5069D-C83C-4195-A890-BAE40DFD96F0}"
EndProject
Global
	GlobalSection(SolutionConfigurationPlatforms) = preSolution
		Debug|Any CPU = Debug|Any CPU
		Release|Any CPU = Release|Any CPU
	EndGlobalSection
	GlobalSection(ProjectConfigurationPlatforms) = postSolution
		{ECF5069D-C83C-4195-A890-BAE40DFD96F0}.Debug|Any CPU.ActiveCfg = Debug|Any CPU
		{ECF5069D-C83C-4195-A890-BAE40DFD96F0}.Debug|Any CPU.Build.0 = Debug|Any CPU
		{ECF5069D-C83C-4195-A890-BAE40DFD96F0}.Release|Any CPU.ActiveCfg = Release|Any CPU
		{ECF5069D-C83C-4195-A890-BAE40DFD96F0}.Release|Any CPU.Build.0 = Release|Any CPU
	EndGlobalSection
	GlobalSection(SolutionProperties) = preSolution
		HideSolutionNode = FALSE
	EndGlobalSection
	GlobalSection(ExtensibilityGlobals) = postSolution
		SolutionGuid = {6476E2E4-664B-404B-88D4-6A5FC90D718B}
	EndGlobalSection
EndGlobal
