
Microsoft Visual Studio Solution File, Format Version 12.00
# Visual Studio Version 17
VisualStudioVersion = 17.1.32210.238
MinimumVisualStudioVersion = 10.0.40219.1
Project("{FAE04EC0-301F-11D3-BF4B-00C04F79EFBC}") = "harjoitus_3", "harjoitus_3\harjoitus_3.csproj", "{2DD6DBCB-7A53-4037-9C02-6F0860F70FAC}"
EndProject
Global
	GlobalSection(SolutionConfigurationPlatforms) = preSolution
		Debug|Any CPU = Debug|Any CPU
		Release|Any CPU = Release|Any CPU
	EndGlobalSection
	GlobalSection(ProjectConfigurationPlatforms) = postSolution
		{2DD6DBCB-7A53-4037-9C02-6F0860F70FAC}.Debug|Any CPU.ActiveCfg = Debug|Any CPU
		{2DD6DBCB-7A53-4037-9C02-6F0860F70FAC}.Debug|Any CPU.Build.0 = Debug|Any CPU
		{2DD6DBCB-7A53-4037-9C02-6F0860F70FAC}.Release|Any CPU.ActiveCfg = Release|Any CPU
		{2DD6DBCB-7A53-4037-9C02-6F0860F70FAC}.Release|Any CPU.Build.0 = Release|Any CPU
	EndGlobalSection
	GlobalSection(SolutionProperties) = preSolution
		HideSolutionNode = FALSE
	EndGlobalSection
	GlobalSection(ExtensibilityGlobals) = postSolution
		SolutionGuid = {7A9DC1D0-7263-4A2F-A995-ECD068B9EF41}
	EndGlobalSection
EndGlobal
