
Microsoft Visual Studio Solution File, Format Version 12.00
# Visual Studio Version 17
VisualStudioVersion = 17.1.32210.238
MinimumVisualStudioVersion = 10.0.40219.1
Project("{FAE04EC0-301F-11D3-BF4B-00C04F79EFBC}") = "harjoitus_2_dia_68", "harjoitus_2_dia_68\harjoitus_2_dia_68.csproj", "{3AB80496-9AFD-4AAC-8AF4-5DF8DAD555A2}"
EndProject
Global
	GlobalSection(SolutionConfigurationPlatforms) = preSolution
		Debug|Any CPU = Debug|Any CPU
		Release|Any CPU = Release|Any CPU
	EndGlobalSection
	GlobalSection(ProjectConfigurationPlatforms) = postSolution
		{3AB80496-9AFD-4AAC-8AF4-5DF8DAD555A2}.Debug|Any CPU.ActiveCfg = Debug|Any CPU
		{3AB80496-9AFD-4AAC-8AF4-5DF8DAD555A2}.Debug|Any CPU.Build.0 = Debug|Any CPU
		{3AB80496-9AFD-4AAC-8AF4-5DF8DAD555A2}.Release|Any CPU.ActiveCfg = Release|Any CPU
		{3AB80496-9AFD-4AAC-8AF4-5DF8DAD555A2}.Release|Any CPU.Build.0 = Release|Any CPU
	EndGlobalSection
	GlobalSection(SolutionProperties) = preSolution
		HideSolutionNode = FALSE
	EndGlobalSection
	GlobalSection(ExtensibilityGlobals) = postSolution
		SolutionGuid = {F48EA191-8CF5-4421-8AEF-67FBBA3F5D6A}
	EndGlobalSection
EndGlobal
